
Microsoft Visual Studio Solution File, Format Version 12.00
# Visual Studio Version 16
VisualStudioVersion = 16.0.30002.166
MinimumVisualStudioVersion = 10.0.40219.1
Project("{FAE04EC0-301F-11D3-BF4B-00C04F79EFBC}") = "CLearning", "CLearning\CLearning.csproj", "{034F621A-0F84-420C-8196-0F197B6DA9B3}"
EndProject
Global
	GlobalSection(SolutionConfigurationPlatforms) = preSolution
		Debug|Any CPU = Debug|Any CPU
		Release|Any CPU = Release|Any CPU
	EndGlobalSection
	GlobalSection(ProjectConfigurationPlatforms) = postSolution
		{034F621A-0F84-420C-8196-0F197B6DA9B3}.Debug|Any CPU.ActiveCfg = Debug|Any CPU
		{034F621A-0F84-420C-8196-0F197B6DA9B3}.Debug|Any CPU.Build.0 = Debug|Any CPU
		{034F621A-0F84-420C-8196-0F197B6DA9B3}.Release|Any CPU.ActiveCfg = Release|Any CPU
		{034F621A-0F84-420C-8196-0F197B6DA9B3}.Release|Any CPU.Build.0 = Release|Any CPU
	EndGlobalSection
	GlobalSection(SolutionProperties) = preSolution
		HideSolutionNode = FALSE
	EndGlobalSection
	GlobalSection(ExtensibilityGlobals) = postSolution
		SolutionGuid = {62D740DB-92F9-465E-9F90-E0F608830380}
	EndGlobalSection
EndGlobal
